
Microsoft Visual Studio Solution File, Format Version 12.00
# Visual Studio 15
VisualStudioVersion = 15.0.28010.2003
MinimumVisualStudioVersion = 10.0.40219.1
Project("{FAE04EC0-301F-11D3-BF4B-00C04F79EFBC}") = "KinectX", "KinectX\KinectX.csproj", "{001C5A89-852D-4D20-A8FA-016521A0F1C7}"
EndProject
Project("{FAE04EC0-301F-11D3-BF4B-00C04F79EFBC}") = "KinectXConsole", "KinectXConsole\KinectXConsole.csproj", "{3332EC53-DE11-4218-AC59-CC6E93DAA568}"
EndProject
Project("{FAE04EC0-301F-11D3-BF4B-00C04F79EFBC}") = "KxRemoteService", "KxRemoteService\KxRemoteService.csproj", "{6F833858-5387-4749-880F-C4DD55BEF54B}"
EndProject
Project("{FAE04EC0-301F-11D3-BF4B-00C04F79EFBC}") = "KinectXTests", "KinectXTests\KinectXTests.csproj", "{83B52F30-4156-46A1-B107-69308D09914F}"
EndProject
Global
	GlobalSection(SolutionConfigurationPlatforms) = preSolution
		Debug|Any CPU = Debug|Any CPU
		Debug|x64 = Debug|x64
		Release|Any CPU = Release|Any CPU
		Release|x64 = Release|x64
	EndGlobalSection
	GlobalSection(ProjectConfigurationPlatforms) = postSolution
		{001C5A89-852D-4D20-A8FA-016521A0F1C7}.Debug|Any CPU.ActiveCfg = Debug|Any CPU
		{001C5A89-852D-4D20-A8FA-016521A0F1C7}.Debug|Any CPU.Build.0 = Debug|Any CPU
		{001C5A89-852D-4D20-A8FA-016521A0F1C7}.Debug|x64.ActiveCfg = Debug|x64
		{001C5A89-852D-4D20-A8FA-016521A0F1C7}.Debug|x64.Build.0 = Debug|x64
		{001C5A89-852D-4D20-A8FA-016521A0F1C7}.Release|Any CPU.ActiveCfg = Release|Any CPU
		{001C5A89-852D-4D20-A8FA-016521A0F1C7}.Release|Any CPU.Build.0 = Release|Any CPU
		{001C5A89-852D-4D20-A8FA-016521A0F1C7}.Release|x64.ActiveCfg = Release|x64
		{001C5A89-852D-4D20-A8FA-016521A0F1C7}.Release|x64.Build.0 = Release|x64
		{3332EC53-DE11-4218-AC59-CC6E93DAA568}.Debug|Any CPU.ActiveCfg = Debug|Any CPU
		{3332EC53-DE11-4218-AC59-CC6E93DAA568}.Debug|Any CPU.Build.0 = Debug|Any CPU
		{3332EC53-DE11-4218-AC59-CC6E93DAA568}.Debug|x64.ActiveCfg = Debug|x64
		{3332EC53-DE11-4218-AC59-CC6E93DAA568}.Debug|x64.Build.0 = Debug|x64
		{3332EC53-DE11-4218-AC59-CC6E93DAA568}.Release|Any CPU.ActiveCfg = Release|Any CPU
		{3332EC53-DE11-4218-AC59-CC6E93DAA568}.Release|Any CPU.Build.0 = Release|Any CPU
		{3332EC53-DE11-4218-AC59-CC6E93DAA568}.Release|x64.ActiveCfg = Release|x64
		{3332EC53-DE11-4218-AC59-CC6E93DAA568}.Release|x64.Build.0 = Release|x64
		{6F833858-5387-4749-880F-C4DD55BEF54B}.Debug|Any CPU.ActiveCfg = Debug|Any CPU
		{6F833858-5387-4749-880F-C4DD55BEF54B}.Debug|Any CPU.Build.0 = Debug|Any CPU
		{6F833858-5387-4749-880F-C4DD55BEF54B}.Debug|x64.ActiveCfg = Debug|x64
		{6F833858-5387-4749-880F-C4DD55BEF54B}.Debug|x64.Build.0 = Debug|x64
		{6F833858-5387-4749-880F-C4DD55BEF54B}.Release|Any CPU.ActiveCfg = Release|Any CPU
		{6F833858-5387-4749-880F-C4DD55BEF54B}.Release|Any CPU.Build.0 = Release|Any CPU
		{6F833858-5387-4749-880F-C4DD55BEF54B}.Release|x64.ActiveCfg = Release|Any CPU
		{6F833858-5387-4749-880F-C4DD55BEF54B}.Release|x64.Build.0 = Release|Any CPU
		{83B52F30-4156-46A1-B107-69308D09914F}.Debug|Any CPU.ActiveCfg = Debug|Any CPU
		{83B52F30-4156-46A1-B107-69308D09914F}.Debug|Any CPU.Build.0 = Debug|Any CPU
		{83B52F30-4156-46A1-B107-69308D09914F}.Debug|x64.ActiveCfg = Debug|x64
		{83B52F30-4156-46A1-B107-69308D09914F}.Debug|x64.Build.0 = Debug|x64
		{83B52F30-4156-46A1-B107-69308D09914F}.Release|Any CPU.ActiveCfg = Release|Any CPU
		{83B52F30-4156-46A1-B107-69308D09914F}.Release|Any CPU.Build.0 = Release|Any CPU
		{83B52F30-4156-46A1-B107-69308D09914F}.Release|x64.ActiveCfg = Release|Any CPU
		{83B52F30-4156-46A1-B107-69308D09914F}.Release|x64.Build.0 = Release|Any CPU
	EndGlobalSection
	GlobalSection(SolutionProperties) = preSolution
		HideSolutionNode = FALSE
	EndGlobalSection
	GlobalSection(ExtensibilityGlobals) = postSolution
		SolutionGuid = {F3CBCEC6-A466-49EF-9E43-215F7BE79E42}
	EndGlobalSection
EndGlobal
